
Microsoft Visual Studio Solution File, Format Version 12.00
# Visual Studio Version 17
VisualStudioVersion = 17.12.35527.113 d17.12
MinimumVisualStudioVersion = 10.0.40219.1
Project("{FAE04EC0-301F-11D3-BF4B-00C04F79EFBC}") = "Demo01", "Demo01\Demo01.csproj", "{DE330DC5-75A8-4493-A94C-D7AC3CA0205E}"
EndProject
Global
	GlobalSection(SolutionConfigurationPlatforms) = preSolution
		Debug|Any CPU = Debug|Any CPU
		Release|Any CPU = Release|Any CPU
	EndGlobalSection
	GlobalSection(ProjectConfigurationPlatforms) = postSolution
		{DE330DC5-75A8-4493-A94C-D7AC3CA0205E}.Debug|Any CPU.ActiveCfg = Debug|Any CPU
		{DE330DC5-75A8-4493-A94C-D7AC3CA0205E}.Debug|Any CPU.Build.0 = Debug|Any CPU
		{DE330DC5-75A8-4493-A94C-D7AC3CA0205E}.Release|Any CPU.ActiveCfg = Release|Any CPU
		{DE330DC5-75A8-4493-A94C-D7AC3CA0205E}.Release|Any CPU.Build.0 = Release|Any CPU
	EndGlobalSection
	GlobalSection(SolutionProperties) = preSolution
		HideSolutionNode = FALSE
	EndGlobalSection
EndGlobal
